
Microsoft Visual Studio Solution File, Format Version 12.00
# Visual Studio Version 17
VisualStudioVersion = 17.14.36518.9 d17.14
MinimumVisualStudioVersion = 10.0.40219.1
Project("{FAE04EC0-301F-11D3-BF4B-00C04F79EFBC}") = "AplicativoTesteTecnicoKogui", "AplicativoTesteTecnicoKogui\AplicativoTesteTecnicoKogui.csproj", "{06F531C2-0E95-41F7-9772-AAC6955E48CD}"
EndProject
Global
	GlobalSection(SolutionConfigurationPlatforms) = preSolution
		Debug|Any CPU = Debug|Any CPU
		Release|Any CPU = Release|Any CPU
	EndGlobalSection
	GlobalSection(ProjectConfigurationPlatforms) = postSolution
		{06F531C2-0E95-41F7-9772-AAC6955E48CD}.Debug|Any CPU.ActiveCfg = Debug|Any CPU
		{06F531C2-0E95-41F7-9772-AAC6955E48CD}.Debug|Any CPU.Build.0 = Debug|Any CPU
		{06F531C2-0E95-41F7-9772-AAC6955E48CD}.Debug|Any CPU.Deploy.0 = Debug|Any CPU
		{06F531C2-0E95-41F7-9772-AAC6955E48CD}.Release|Any CPU.ActiveCfg = Release|Any CPU
		{06F531C2-0E95-41F7-9772-AAC6955E48CD}.Release|Any CPU.Build.0 = Release|Any CPU
		{06F531C2-0E95-41F7-9772-AAC6955E48CD}.Release|Any CPU.Deploy.0 = Release|Any CPU
	EndGlobalSection
	GlobalSection(SolutionProperties) = preSolution
		HideSolutionNode = FALSE
	EndGlobalSection
	GlobalSection(ExtensibilityGlobals) = postSolution
		SolutionGuid = {EAEC94F7-921C-46D2-AC20-7A5EA9690E7B}
	EndGlobalSection
EndGlobal
